{
  "gemfiles/modular/templating.gemfile:3018447732": [
    [14, 3, 47, "Bundler/DuplicatedGem: Gem `tree_sitter_language_pack` requirements already given on line 10 of the Gemfile.", 3843603197]
  ],
  "rubocop-ruby2_5.gemspec:2736504491": [
    [19, 32, 10, "Gemspec/RequiredRubyVersion: `required_ruby_version` and `TargetRubyVersion` (2.5, which may be specified in .rubocop.yml) should be equal.", 4072499287]
  ],
  "spec/rubocop/ruby2_5/version_spec.rb:2816304178": [
    [5, 1, 39, "RSpec/SpecFilePathFormat: Spec path should end with `rubocop/ruby25/version*_spec.rb`.", 3910327366],
    [8, 3, 452, "RSpec/ExampleLength: Example has too many lines. [6/5]", 1092984509]
  ]
}
